
Microsoft Visual Studio Solution File, Format Version 12.00
# Visual Studio Version 17
VisualStudioVersion = 17.5.33516.290
MinimumVisualStudioVersion = 10.0.40219.1
Project("{FAE04EC0-301F-11D3-BF4B-00C04F79EFBC}") = "AutoCADBlock", "AutoCADBlock.csproj", "{D14D1578-44E6-4FC7-A29F-B3AA3C0D890C}"
EndProject
Global
	GlobalSection(SolutionConfigurationPlatforms) = preSolution
		Debug|Any CPU = Debug|Any CPU
		Release|Any CPU = Release|Any CPU
	EndGlobalSection
	GlobalSection(ProjectConfigurationPlatforms) = postSolution
		{D14D1578-44E6-4FC7-A29F-B3AA3C0D890C}.Debug|Any CPU.ActiveCfg = Debug|Any CPU
		{D14D1578-44E6-4FC7-A29F-B3AA3C0D890C}.Debug|Any CPU.Build.0 = Debug|Any CPU
		{D14D1578-44E6-4FC7-A29F-B3AA3C0D890C}.Release|Any CPU.ActiveCfg = Release|Any CPU
		{D14D1578-44E6-4FC7-A29F-B3AA3C0D890C}.Release|Any CPU.Build.0 = Release|Any CPU
	EndGlobalSection
	GlobalSection(SolutionProperties) = preSolution
		HideSolutionNode = FALSE
	EndGlobalSection
	GlobalSection(ExtensibilityGlobals) = postSolution
		SolutionGuid = {6F0243E5-D32F-45AB-A92A-F38721010A33}
	EndGlobalSection
EndGlobal
