
Microsoft Visual Studio Solution File, Format Version 12.00
# Visual Studio Version 17
VisualStudioVersion = 17.3.32819.101
MinimumVisualStudioVersion = 10.0.40219.1
Project("{FAE04EC0-301F-11D3-BF4B-00C04F79EFBC}") = "Manipulators", "Manipulators\Manipulators.csproj", "{43755A28-0389-408D-94F4-65199E54B3E8}"
EndProject
Global
	GlobalSection(SolutionConfigurationPlatforms) = preSolution
		Debug|Any CPU = Debug|Any CPU
		Release|Any CPU = Release|Any CPU
	EndGlobalSection
	GlobalSection(ProjectConfigurationPlatforms) = postSolution
		{43755A28-0389-408D-94F4-65199E54B3E8}.Debug|Any CPU.ActiveCfg = Debug|Any CPU
		{43755A28-0389-408D-94F4-65199E54B3E8}.Debug|Any CPU.Build.0 = Debug|Any CPU
		{43755A28-0389-408D-94F4-65199E54B3E8}.Release|Any CPU.ActiveCfg = Release|Any CPU
		{43755A28-0389-408D-94F4-65199E54B3E8}.Release|Any CPU.Build.0 = Release|Any CPU
	EndGlobalSection
	GlobalSection(SolutionProperties) = preSolution
		HideSolutionNode = FALSE
	EndGlobalSection
	GlobalSection(ExtensibilityGlobals) = postSolution
		SolutionGuid = {1431663D-A29D-4B61-9AEA-5E89975FFD8B}
	EndGlobalSection
EndGlobal
