
Microsoft Visual Studio Solution File, Format Version 12.00
# Visual Studio 15
VisualStudioVersion = 15.0.28307.168
MinimumVisualStudioVersion = 10.0.40219.1
Project("{FAE04EC0-301F-11D3-BF4B-00C04F79EFBC}") = "DrawObjects", "DrawObjects\DrawObjects.csproj", "{C0795AB5-95D3-4967-A97F-59ED1AA6BE7A}"
EndProject
Global
	GlobalSection(SolutionConfigurationPlatforms) = preSolution
		Debug|Any CPU = Debug|Any CPU
		Release|Any CPU = Release|Any CPU
	EndGlobalSection
	GlobalSection(ProjectConfigurationPlatforms) = postSolution
		{C0795AB5-95D3-4967-A97F-59ED1AA6BE7A}.Debug|Any CPU.ActiveCfg = Debug|Any CPU
		{C0795AB5-95D3-4967-A97F-59ED1AA6BE7A}.Debug|Any CPU.Build.0 = Debug|Any CPU
		{C0795AB5-95D3-4967-A97F-59ED1AA6BE7A}.Release|Any CPU.ActiveCfg = Release|Any CPU
		{C0795AB5-95D3-4967-A97F-59ED1AA6BE7A}.Release|Any CPU.Build.0 = Release|Any CPU
	EndGlobalSection
	GlobalSection(SolutionProperties) = preSolution
		HideSolutionNode = FALSE
	EndGlobalSection
	GlobalSection(ExtensibilityGlobals) = postSolution
		SolutionGuid = {8A274B74-F864-49CC-B682-635A104D219E}
	EndGlobalSection
EndGlobal
